
Microsoft Visual Studio Solution File, Format Version 12.00
# Visual Studio Version 17
VisualStudioVersion = 17.4.33122.133
MinimumVisualStudioVersion = 10.0.40219.1
Project("{9A19103F-16F7-4668-BE54-9A1E7A4F7556}") = "01_MVVM", "01_MVVM\01_MVVM.csproj", "{E1FAA703-C22C-4F5C-9DB7-D4B80A6CB149}"
EndProject
Project("{9A19103F-16F7-4668-BE54-9A1E7A4F7556}") = "02_Dependency_Injection", "02_Dependency_Injection\02_Dependency_Injection.csproj", "{D031949F-3B5F-4B05-B4C4-09B473A91F5B}"
EndProject
Global
	GlobalSection(SolutionConfigurationPlatforms) = preSolution
		Debug|Any CPU = Debug|Any CPU
		Release|Any CPU = Release|Any CPU
	EndGlobalSection
	GlobalSection(ProjectConfigurationPlatforms) = postSolution
		{E1FAA703-C22C-4F5C-9DB7-D4B80A6CB149}.Debug|Any CPU.ActiveCfg = Debug|Any CPU
		{E1FAA703-C22C-4F5C-9DB7-D4B80A6CB149}.Debug|Any CPU.Build.0 = Debug|Any CPU
		{E1FAA703-C22C-4F5C-9DB7-D4B80A6CB149}.Release|Any CPU.ActiveCfg = Release|Any CPU
		{E1FAA703-C22C-4F5C-9DB7-D4B80A6CB149}.Release|Any CPU.Build.0 = Release|Any CPU
		{D031949F-3B5F-4B05-B4C4-09B473A91F5B}.Debug|Any CPU.ActiveCfg = Debug|Any CPU
		{D031949F-3B5F-4B05-B4C4-09B473A91F5B}.Debug|Any CPU.Build.0 = Debug|Any CPU
		{D031949F-3B5F-4B05-B4C4-09B473A91F5B}.Release|Any CPU.ActiveCfg = Release|Any CPU
		{D031949F-3B5F-4B05-B4C4-09B473A91F5B}.Release|Any CPU.Build.0 = Release|Any CPU
	EndGlobalSection
	GlobalSection(SolutionProperties) = preSolution
		HideSolutionNode = FALSE
	EndGlobalSection
	GlobalSection(ExtensibilityGlobals) = postSolution
		SolutionGuid = {25F18EAA-C66B-4B3C-B573-45B996DAB5BF}
	EndGlobalSection
EndGlobal
