
Microsoft Visual Studio Solution File, Format Version 12.00
# Visual Studio Version 17
VisualStudioVersion = 17.4.33122.133
MinimumVisualStudioVersion = 10.0.40219.1
Project("{9A19103F-16F7-4668-BE54-9A1E7A4F7556}") = "01_MVVM", "01_MVVM\01_MVVM.csproj", "{E1FAA703-C22C-4F5C-9DB7-D4B80A6CB149}"
EndProject
Project("{9A19103F-16F7-4668-BE54-9A1E7A4F7556}") = "02_Dependency_Injection", "02_Dependency_Injection\02_Dependency_Injection.csproj", "{D031949F-3B5F-4B05-B4C4-09B473A91F5B}"
EndProject
Project("{9A19103F-16F7-4668-BE54-9A1E7A4F7556}") = "03_Strategie", "_03_Strategie\03_Strategie.csproj", "{968D41E1-94C8-42F8-8B6F-FFD58F97BFBC}"
EndProject
Project("{9A19103F-16F7-4668-BE54-9A1E7A4F7556}") = "04_Factory", "04_Factory\04_Factory.csproj", "{5B44F63C-343A-4DA4-824F-49C5F35FF2C9}"
EndProject
Project("{2150E333-8FDC-42A3-9474-1A3956D46DE8}") = "01_MVVM", "01_MVVM", "{EE9B967C-CF04-4A79-91B7-BF8329E80BD5}"
EndProject
Project("{2150E333-8FDC-42A3-9474-1A3956D46DE8}") = "02_DI", "02_DI", "{53BE494F-1D64-4369-89DB-261EEC964804}"
EndProject
Project("{2150E333-8FDC-42A3-9474-1A3956D46DE8}") = "03_Strategie", "03_Strategie", "{96FB98DF-AC67-4583-A1F7-9BE508C36B56}"
EndProject
Project("{2150E333-8FDC-42A3-9474-1A3956D46DE8}") = "04_Factory", "04_Factory", "{F6D8CEC0-5F1C-4859-B9FA-F3DE760BDEF0}"
EndProject
Project("{FAE04EC0-301F-11D3-BF4B-00C04F79EFBC}") = "TutorialsTeacher", "TutorialsTeacher\TutorialsTeacher.csproj", "{D71E238C-3290-4D64-BE02-68951210A87B}"
EndProject
Global
	GlobalSection(SolutionConfigurationPlatforms) = preSolution
		Debug|Any CPU = Debug|Any CPU
		Release|Any CPU = Release|Any CPU
	EndGlobalSection
	GlobalSection(ProjectConfigurationPlatforms) = postSolution
		{E1FAA703-C22C-4F5C-9DB7-D4B80A6CB149}.Debug|Any CPU.ActiveCfg = Debug|Any CPU
		{E1FAA703-C22C-4F5C-9DB7-D4B80A6CB149}.Debug|Any CPU.Build.0 = Debug|Any CPU
		{E1FAA703-C22C-4F5C-9DB7-D4B80A6CB149}.Release|Any CPU.ActiveCfg = Release|Any CPU
		{E1FAA703-C22C-4F5C-9DB7-D4B80A6CB149}.Release|Any CPU.Build.0 = Release|Any CPU
		{D031949F-3B5F-4B05-B4C4-09B473A91F5B}.Debug|Any CPU.ActiveCfg = Debug|Any CPU
		{D031949F-3B5F-4B05-B4C4-09B473A91F5B}.Debug|Any CPU.Build.0 = Debug|Any CPU
		{D031949F-3B5F-4B05-B4C4-09B473A91F5B}.Release|Any CPU.ActiveCfg = Release|Any CPU
		{D031949F-3B5F-4B05-B4C4-09B473A91F5B}.Release|Any CPU.Build.0 = Release|Any CPU
		{968D41E1-94C8-42F8-8B6F-FFD58F97BFBC}.Debug|Any CPU.ActiveCfg = Debug|Any CPU
		{968D41E1-94C8-42F8-8B6F-FFD58F97BFBC}.Debug|Any CPU.Build.0 = Debug|Any CPU
		{968D41E1-94C8-42F8-8B6F-FFD58F97BFBC}.Release|Any CPU.ActiveCfg = Release|Any CPU
		{968D41E1-94C8-42F8-8B6F-FFD58F97BFBC}.Release|Any CPU.Build.0 = Release|Any CPU
		{5B44F63C-343A-4DA4-824F-49C5F35FF2C9}.Debug|Any CPU.ActiveCfg = Debug|Any CPU
		{5B44F63C-343A-4DA4-824F-49C5F35FF2C9}.Debug|Any CPU.Build.0 = Debug|Any CPU
		{5B44F63C-343A-4DA4-824F-49C5F35FF2C9}.Release|Any CPU.ActiveCfg = Release|Any CPU
		{5B44F63C-343A-4DA4-824F-49C5F35FF2C9}.Release|Any CPU.Build.0 = Release|Any CPU
		{D71E238C-3290-4D64-BE02-68951210A87B}.Debug|Any CPU.ActiveCfg = Debug|Any CPU
		{D71E238C-3290-4D64-BE02-68951210A87B}.Debug|Any CPU.Build.0 = Debug|Any CPU
		{D71E238C-3290-4D64-BE02-68951210A87B}.Release|Any CPU.ActiveCfg = Release|Any CPU
		{D71E238C-3290-4D64-BE02-68951210A87B}.Release|Any CPU.Build.0 = Release|Any CPU
	EndGlobalSection
	GlobalSection(SolutionProperties) = preSolution
		HideSolutionNode = FALSE
	EndGlobalSection
	GlobalSection(NestedProjects) = preSolution
		{E1FAA703-C22C-4F5C-9DB7-D4B80A6CB149} = {EE9B967C-CF04-4A79-91B7-BF8329E80BD5}
		{D031949F-3B5F-4B05-B4C4-09B473A91F5B} = {53BE494F-1D64-4369-89DB-261EEC964804}
		{968D41E1-94C8-42F8-8B6F-FFD58F97BFBC} = {96FB98DF-AC67-4583-A1F7-9BE508C36B56}
		{5B44F63C-343A-4DA4-824F-49C5F35FF2C9} = {F6D8CEC0-5F1C-4859-B9FA-F3DE760BDEF0}
		{D71E238C-3290-4D64-BE02-68951210A87B} = {F6D8CEC0-5F1C-4859-B9FA-F3DE760BDEF0}
	EndGlobalSection
	GlobalSection(ExtensibilityGlobals) = postSolution
		SolutionGuid = {25F18EAA-C66B-4B3C-B573-45B996DAB5BF}
	EndGlobalSection
EndGlobal
